
Microsoft Visual Studio Solution File, Format Version 12.00
# Visual Studio 15
VisualStudioVersion = 15.0.28307.1340
MinimumVisualStudioVersion = 10.0.40219.1
Project("{FAE04EC0-301F-11D3-BF4B-00C04F79EFBC}") = "Chat", "Chat\Chat.csproj", "{8FA5A88E-5E63-4DBC-A7EA-345445B78119}"
EndProject
Global
	GlobalSection(SolutionConfigurationPlatforms) = preSolution
		Debug|Any CPU = Debug|Any CPU
		Release|Any CPU = Release|Any CPU
	EndGlobalSection
	GlobalSection(ProjectConfigurationPlatforms) = postSolution
		{8FA5A88E-5E63-4DBC-A7EA-345445B78119}.Debug|Any CPU.ActiveCfg = Debug|Any CPU
		{8FA5A88E-5E63-4DBC-A7EA-345445B78119}.Debug|Any CPU.Build.0 = Debug|Any CPU
		{8FA5A88E-5E63-4DBC-A7EA-345445B78119}.Release|Any CPU.ActiveCfg = Release|Any CPU
		{8FA5A88E-5E63-4DBC-A7EA-345445B78119}.Release|Any CPU.Build.0 = Release|Any CPU
	EndGlobalSection
	GlobalSection(SolutionProperties) = preSolution
		HideSolutionNode = FALSE
	EndGlobalSection
	GlobalSection(ExtensibilityGlobals) = postSolution
		SolutionGuid = {AF3A9F5C-1BEE-4217-BD62-8282C7DBD228}
	EndGlobalSection
EndGlobal
